// !$*UTF8*$!
{
	archiveVersion = 1;
	classes = {
	};
	objectVersion = 46;
	objects = {

/* Begin PBXBuildFile section */
		D042A60D1A91133700C627DC /* main.m in Sources */ = {isa = PBXBuildFile; fileRef = D042A60C1A91133700C627DC /* main.m */; };
		D042A6101A91133700C627DC /* AppDelegate.m in Sources */ = {isa = PBXBuildFile; fileRef = D042A60F1A91133700C627DC /* AppDelegate.m */; };
		D042A6131A91133700C627DC /* FirstViewController.m in Sources */ = {isa = PBXBuildFile; fileRef = D042A6121A91133700C627DC /* FirstViewController.m */; };
		D042A6161A91133700C627DC /* SecondViewController.m in Sources */ = {isa = PBXBuildFile; fileRef = D042A6151A91133700C627DC /* SecondViewController.m */; };
		D042A6191A91133700C627DC /* Main.storyboard in Resources */ = {isa = PBXBuildFile; fileRef = D042A6171A91133700C627DC /* Main.storyboard */; };
		D042A61B1A91133700C627DC /* Images.xcassets in Resources */ = {isa = PBXBuildFile; fileRef = D042A61A1A91133700C627DC /* Images.xcassets */; };
		D042A61E1A91133700C627DC /* LaunchScreen.xib in Resources */ = {isa = PBXBuildFile; fileRef = D042A61C1A91133700C627DC /* LaunchScreen.xib */; };
		D042A62A1A91133700C627DC /* SnowTrackTests.m in Sources */ = {isa = PBXBuildFile; fileRef = D042A6291A91133700C627DC /* SnowTrackTests.m */; };
/* End PBXBuildFile section */

/* Begin PBXContainerItemProxy section */
		D042A6241A91133700C627DC /* PBXContainerItemProxy */ = {
			isa = PBXContainerItemProxy;
			containerPortal = D042A5FF1A91133700C627DC /* Project object */;
			proxyType = 1;
			remoteGlobalIDString = D042A6061A91133700C627DC;
			remoteInfo = SnowTrack;
		};
/* End PBXContainerItemProxy section */

/* Begin PBXFileReference section */
		D042A6071A91133700C627DC /* SnowTrack.app */ = {isa = PBXFileReference; explicitFileType = wrapper.application; includeInIndex = 0; path = SnowTrack.app; sourceTree = BUILT_PRODUCTS_DIR; };
		D042A60B1A91133700C627DC /* Info.plist */ = {isa = PBXFileReference; lastKnownFileType = text.plist.xml; path = Info.plist; sourceTree = "<group>"; };
		D042A60C1A91133700C627DC /* main.m */ = {isa = PBXFileReference; lastKnownFileType = sourcecode.c.objc; path = main.m; sourceTree = "<group>"; };
		D042A60E1A91133700C627DC /* AppDelegate.h */ = {isa = PBXFileReference; lastKnownFileType = sourcecode.c.h; path = AppDelegate.h; sourceTree = "<group>"; };
		D042A60F1A91133700C627DC /* AppDelegate.m */ = {isa = PBXFileReference; lastKnownFileType = sourcecode.c.objc; path = AppDelegate.m; sourceTree = "<group>"; };
		D042A6111A91133700C627DC /* FirstViewController.h */ = {isa = PBXFileReference; lastKnownFileType = sourcecode.c.h; path = FirstViewController.h; sourceTree = "<group>"; };
		D042A6121A91133700C627DC /* FirstViewController.m */ = {isa = PBXFileReference; lastKnownFileType = sourcecode.c.objc; path = FirstViewController.m; sourceTree = "<group>"; };
		D042A6141A91133700C627DC /* SecondViewController.h */ = {isa = PBXFileReference; lastKnownFileType = sourcecode.c.h; path = SecondViewController.h; sourceTree = "<group>"; };
		D042A6151A91133700C627DC /* SecondViewController.m */ = {isa = PBXFileReference; lastKnownFileType = sourcecode.c.objc; path = SecondViewController.m; sourceTree = "<group>"; };
		D042A6181A91133700C627DC /* Base */ = {isa = PBXFileReference; lastKnownFileType = file.storyboard; name = Base; path = Base.lproj/Main.storyboard; sourceTree = "<group>"; };
		D042A61A1A91133700C627DC /* Images.xcassets */ = {isa = PBXFileReference; lastKnownFileType = folder.assetcatalog; path = Images.xcassets; sourceTree = "<group>"; };
		D042A61D1A91133700C627DC /* Base */ = {isa = PBXFileReference; lastKnownFileType = file.xib; name = Base; path = Base.lproj/LaunchScreen.xib; sourceTree = "<group>"; };
		D042A6231A91133700C627DC /* SnowTrackTests.xctest */ = {isa = PBXFileReference; explicitFileType = wrapper.cfbundle; includeInIndex = 0; path = SnowTrackTests.xctest; sourceTree = BUILT_PRODUCTS_DIR; };
		D042A6281A91133700C627DC /* Info.plist */ = {isa = PBXFileReference; lastKnownFileType = text.plist.xml; path = Info.plist; sourceTree = "<group>"; };
		D042A6291A91133700C627DC /* SnowTrackTests.m */ = {isa = PBXFileReference; lastKnownFileType = sourcecode.c.objc; path = SnowTrackTests.m; sourceTree = "<group>"; };
/* End PBXFileReference section */

/* Begin PBXFrameworksBuildPhase section */
		D042A6041A91133700C627DC /* Frameworks */ = {
			isa = PBXFrameworksBuildPhase;
			buildActionMask = 2147483647;
			files = (
			);
			runOnlyForDeploymentPostprocessing = 0;
		};
		D042A6201A91133700C627DC /* Frameworks */ = {
			isa = PBXFrameworksBuildPhase;
			buildActionMask = 2147483647;
			files = (
			);
			runOnlyForDeploymentPostprocessing = 0;
		};
/* End PBXFrameworksBuildPhase section */

/* Begin PBXGroup section */
		D042A5FE1A91133700C627DC = {
			isa = PBXGroup;
			children = (
				D042A6091A91133700C627DC /* SnowTrack */,
				D042A6261A91133700C627DC /* SnowTrackTests */,
				D042A6081A91133700C627DC /* Products */,
			);
			sourceTree = "<group>";
		};
		D042A6081A91133700C627DC /* Products */ = {
			isa = PBXGroup;
			children = (
				D042A6071A91133700C627DC /* SnowTrack.app */,
				D042A6231A91133700C627DC /* SnowTrackTests.xctest */,
			);
			name = Products;
			sourceTree = "<group>";
		};
		D042A6091A91133700C627DC /* SnowTrack */ = {
			isa = PBXGroup;
			children = (
				D042A60E1A91133700C627DC /* AppDelegate.h */,
				D042A60F1A91133700C627DC /* AppDelegate.m */,
				D042A6111A91133700C627DC /* FirstViewController.h */,
				D042A6121A91133700C627DC /* FirstViewController.m */,
				D042A6141A91133700C627DC /* SecondViewController.h */,
				D042A6151A91133700C627DC /* SecondViewController.m */,
				D042A6171A91133700C627DC /* Main.storyboard */,
				D042A61A1A91133700C627DC /* Images.xcassets */,
				D042A61C1A91133700C627DC /* LaunchScreen.xib */,
				D042A60A1A91133700C627DC /* Supporting Files */,
			);
			path = SnowTrack;
			sourceTree = "<group>";
		};
		D042A60A1A91133700C627DC /* Supporting Files */ = {
			isa = PBXGroup;
			children = (
				D042A60B1A91133700C627DC /* Info.plist */,
				D042A60C1A91133700C627DC /* main.m */,
			);
			name = "Supporting Files";
			sourceTree = "<group>";
		};
		D042A6261A91133700C627DC /* SnowTrackTests */ = {
			isa = PBXGroup;
			children = (
				D042A6291A91133700C627DC /* SnowTrackTests.m */,
				D042A6271A91133700C627DC /* Supporting Files */,
			);
			path = SnowTrackTests;
			sourceTree = "<group>";
		};
		D042A6271A91133700C627DC /* Supporting Files */ = {
			isa = PBXGroup;
			children = (
				D042A6281A91133700C627DC /* Info.plist */,
			);
			name = "Supporting Files";
			sourceTree = "<group>";
		};
/* End PBXGroup section */

/* Begin PBXNativeTarget section */
		D042A6061A91133700C627DC /* SnowTrack */ = {
			isa = PBXNativeTarget;
			buildConfigurationList = D042A62D1A91133700C627DC /* Build configuration list for PBXNativeTarget "SnowTrack" */;
			buildPhases = (
				D042A6031A91133700C627DC /* Sources */,
				D042A6041A91133700C627DC /* Frameworks */,
				D042A6051A91133700C627DC /* Resources */,
			);
			buildRules = (
			);
			dependencies = (
			);
			name = SnowTrack;
			productName = SnowTrack;
			productReference = D042A6071A91133700C627DC /* SnowTrack.app */;
			productType = "com.apple.product-type.application";
		};
		D042A6221A91133700C627DC /* SnowTrackTests */ = {
			isa = PBXNativeTarget;
			buildConfigurationList = D042A6301A91133700C627DC /* Build configuration list for PBXNativeTarget "SnowTrackTests" */;
			buildPhases = (
				D042A61F1A91133700C627DC /* Sources */,
				D042A6201A91133700C627DC /* Frameworks */,
				D042A6211A91133700C627DC /* Resources */,
			);
			buildRules = (
			);
			dependencies = (
				D042A6251A91133700C627DC /* PBXTargetDependency */,
			);
			name = SnowTrackTests;
			productName = SnowTrackTests;
			productReference = D042A6231A91133700C627DC /* SnowTrackTests.xctest */;
			productType = "com.apple.product-type.bundle.unit-test";
		};
/* End PBXNativeTarget section */

/* Begin PBXProject section */
		D042A5FF1A91133700C627DC /* Project object */ = {
			isa = PBXProject;
			attributes = {
				LastUpgradeCheck = 0610;
				ORGANIZATIONNAME = "Jessie Bauer";
				TargetAttributes = {
					D042A6061A91133700C627DC = {
						CreatedOnToolsVersion = 6.1.1;
					};
					D042A6221A91133700C627DC = {
						CreatedOnToolsVersion = 6.1.1;
						TestTargetID = D042A6061A91133700C627DC;
					};
				};
			};
			buildConfigurationList = D042A6021A91133700C627DC /* Build configuration list for PBXProject "SnowTrack" */;
			compatibilityVersion = "Xcode 3.2";
			developmentRegion = English;
			hasScannedForEncodings = 0;
			knownRegions = (
				en,
				Base,
			);
			mainGroup = D042A5FE1A91133700C627DC;
			productRefGroup = D042A6081A91133700C627DC /* Products */;
			projectDirPath = "";
			projectRoot = "";
			targets = (
				D042A6061A91133700C627DC /* SnowTrack */,
				D042A6221A91133700C627DC /* SnowTrackTests */,
			);
		};
/* End PBXProject section */

/* Begin PBXResourcesBuildPhase section */
		D042A6051A91133700C627DC /* Resources */ = {
			isa = PBXResourcesBuildPhase;
			buildActionMask = 2147483647;
			files = (
				D042A6191A91133700C627DC /* Main.storyboard in Resources */,
				D042A61E1A91133700C627DC /* LaunchScreen.xib in Resources */,
				D042A61B1A91133700C627DC /* Images.xcassets in Resources */,
			);
			runOnlyForDeploymentPostprocessing = 0;
		};
		D042A6211A91133700C627DC /* Resources */ = {
			isa = PBXResourcesBuildPhase;
			buildActionMask = 2147483647;
			files = (
			);
			runOnlyForDeploymentPostprocessing = 0;
		};
/* End PBXResourcesBuildPhase section */

/* Begin PBXSourcesBuildPhase section */
		D042A6031A91133700C627DC /* Sources */ = {
			isa = PBXSourcesBuildPhase;
			buildActionMask = 2147483647;
			files = (
				D042A6161A91133700C627DC /* SecondViewController.m in Sources */,
				D042A6101A91133700C627DC /* AppDelegate.m in Sources */,
				D042A6131A91133700C627DC /* FirstViewController.m in Sources */,
				D042A60D1A91133700C627DC /* main.m in Sources */,
			);
			runOnlyForDeploymentPostprocessing = 0;
		};
		D042A61F1A91133700C627DC /* Sources */ = {
			isa = PBXSourcesBuildPhase;
			buildActionMask = 2147483647;
			files = (
				D042A62A1A91133700C627DC /* SnowTrackTests.m in Sources */,
			);
			runOnlyForDeploymentPostprocessing = 0;
		};
/* End PBXSourcesBuildPhase section */

/* Begin PBXTargetDependency section */
		D042A6251A91133700C627DC /* PBXTargetDependency */ = {
			isa = PBXTargetDependency;
			target = D042A6061A91133700C627DC /* SnowTrack */;
			targetProxy = D042A6241A91133700C627DC /* PBXContainerItemProxy */;
		};
/* End PBXTargetDependency section */

/* Begin PBXVariantGroup section */
		D042A6171A91133700C627DC /* Main.storyboard */ = {
			isa = PBXVariantGroup;
			children = (
				D042A6181A91133700C627DC /* Base */,
			);
			name = Main.storyboard;
			sourceTree = "<group>";
		};
		D042A61C1A91133700C627DC /* LaunchScreen.xib */ = {
			isa = PBXVariantGroup;
			children = (
				D042A61D1A91133700C627DC /* Base */,
			);
			name = LaunchScreen.xib;
			sourceTree = "<group>";
		};
/* End PBXVariantGroup section */

/* Begin XCBuildConfiguration section */
		D042A62B1A91133700C627DC /* Debug */ = {
			isa = XCBuildConfiguration;
			buildSettings = {
				ALWAYS_SEARCH_USER_PATHS = NO;
				CLANG_CXX_LANGUAGE_STANDARD = "gnu++0x";
				CLANG_CXX_LIBRARY = "libc++";
				CLANG_ENABLE_MODULES = YES;
				CLANG_ENABLE_OBJC_ARC = YES;
				CLANG_WARN_BOOL_CONVERSION = YES;
				CLANG_WARN_CONSTANT_CONVERSION = YES;
				CLANG_WARN_DIRECT_OBJC_ISA_USAGE = YES_ERROR;
				CLANG_WARN_EMPTY_BODY = YES;
				CLANG_WARN_ENUM_CONVERSION = YES;
				CLANG_WARN_INT_CONVERSION = YES;
				CLANG_WARN_OBJC_ROOT_CLASS = YES_ERROR;
				CLANG_WARN_UNREACHABLE_CODE = YES;
				CLANG_WARN__DUPLICATE_METHOD_MATCH = YES;
				"CODE_SIGN_IDENTITY[sdk=iphoneos*]" = "iPhone Developer";
				COPY_PHASE_STRIP = NO;
				ENABLE_STRICT_OBJC_MSGSEND = YES;
				GCC_C_LANGUAGE_STANDARD = gnu99;
				GCC_DYNAMIC_NO_PIC = NO;
				GCC_OPTIMIZATION_LEVEL = 0;
				GCC_PREPROCESSOR_DEFINITIONS = (
					"DEBUG=1",
					"$(inherited)",
				);
				GCC_SYMBOLS_PRIVATE_EXTERN = NO;
				GCC_WARN_64_TO_32_BIT_CONVERSION = YES;
				GCC_WARN_ABOUT_RETURN_TYPE = YES_ERROR;
				GCC_WARN_UNDECLARED_SELECTOR = YES;
				GCC_WARN_UNINITIALIZED_AUTOS = YES_AGGRESSIVE;
				GCC_WARN_UNUSED_FUNCTION = YES;
				GCC_WARN_UNUSED_VARIABLE = YES;
				IPHONEOS_DEPLOYMENT_TARGET = 8.1;
				MTL_ENABLE_DEBUG_INFO = YES;
				ONLY_ACTIVE_ARCH = YES;
				SDKROOT = iphoneos;
			};
			name = Debug;
		};
		D042A62C1A91133700C627DC /* Release */ = {
			isa = XCBuildConfiguration;
			buildSettings = {
				ALWAYS_SEARCH_USER_PATHS = NO;
				CLANG_CXX_LANGUAGE_STANDARD = "gnu++0x";
				CLANG_CXX_LIBRARY = "libc++";
				CLANG_ENABLE_MODULES = YES;
				CLANG_ENABLE_OBJC_ARC = YES;
				CLANG_WARN_BOOL_CONVERSION = YES;
				CLANG_WARN_CONSTANT_CONVERSION = YES;
				CLANG_WARN_DIRECT_OBJC_ISA_USAGE = YES_ERROR;
				CLANG_WARN_EMPTY_BODY = YES;
				CLANG_WARN_ENUM_CONVERSION = YES;
				CLANG_WARN_INT_CONVERSION = YES;
				CLANG_WARN_OBJC_ROOT_CLASS = YES_ERROR;
				CLANG_WARN_UNREACHABLE_CODE = YES;
				CLANG_WARN__DUPLICATE_METHOD_MATCH = YES;
				"CODE_SIGN_IDENTITY[sdk=iphoneos*]" = "iPhone Developer";
				COPY_PHASE_STRIP = YES;
				ENABLE_NS_ASSERTIONS = NO;
				ENABLE_STRICT_OBJC_MSGSEND = YES;
				GCC_C_LANGUAGE_STANDARD = gnu99;
				GCC_WARN_64_TO_32_BIT_CONVERSION = YES;
				GCC_WARN_ABOUT_RETURN_TYPE = YES_ERROR;
				GCC_WARN_UNDECLARED_SELECTOR = YES;
				GCC_WARN_UNINITIALIZED_AUTOS = YES_AGGRESSIVE;
				GCC_WARN_UNUSED_FUNCTION = YES;
				GCC_WARN_UNUSED_VARIABLE = YES;
				IPHONEOS_DEPLOYMENT_TARGET = 8.1;
				MTL_ENABLE_DEBUG_INFO = NO;
				SDKROOT = iphoneos;
				VALIDATE_PRODUCT = YES;
			};
			name = Release;
		};
		D042A62E1A91133700C627DC /* Debug */ = {
			isa = XCBuildConfiguration;
			buildSettings = {
				ASSETCATALOG_COMPILER_APPICON_NAME = AppIcon;
				INFOPLIST_FILE = SnowTrack/Info.plist;
				LD_RUNPATH_SEARCH_PATHS = "$(inherited) @executable_path/Frameworks";
				PRODUCT_NAME = "$(TARGET_NAME)";
			};
			name = Debug;
		};
		D042A62F1A91133700C627DC /* Release */ = {
			isa = XCBuildConfiguration;
			buildSettings = {
				ASSETCATALOG_COMPILER_APPICON_NAME = AppIcon;
				INFOPLIST_FILE = SnowTrack/Info.plist;
				LD_RUNPATH_SEARCH_PATHS = "$(inherited) @executable_path/Frameworks";
				PRODUCT_NAME = "$(TARGET_NAME)";
			};
			name = Release;
		};
		D042A6311A91133700C627DC /* Debug */ = {
			isa = XCBuildConfiguration;
			buildSettings = {
				BUNDLE_LOADER = "$(TEST_HOST)";
				FRAMEWORK_SEARCH_PATHS = (
					"$(SDKROOT)/Developer/Library/Frameworks",
					"$(inherited)",
				);
				GCC_PREPROCESSOR_DEFINITIONS = (
					"DEBUG=1",
					"$(inherited)",
				);
				INFOPLIST_FILE = SnowTrackTests/Info.plist;
				LD_RUNPATH_SEARCH_PATHS = "$(inherited) @executable_path/Frameworks @loader_path/Frameworks";
				PRODUCT_NAME = "$(TARGET_NAME)";
				TEST_HOST = "$(BUILT_PRODUCTS_DIR)/SnowTrack.app/SnowTrack";
			};
			name = Debug;
		};
		D042A6321A91133700C627DC /* Release */ = {
			isa = XCBuildConfiguration;
			buildSettings = {
				BUNDLE_LOADER = "$(TEST_HOST)";
				FRAMEWORK_SEARCH_PATHS = (
					"$(SDKROOT)/Developer/Library/Frameworks",
					"$(inherited)",
				);
				INFOPLIST_FILE = SnowTrackTests/Info.plist;
				LD_RUNPATH_SEARCH_PATHS = "$(inherited) @executable_path/Frameworks @loader_path/Frameworks";
				PRODUCT_NAME = "$(TARGET_NAME)";
				TEST_HOST = "$(BUILT_PRODUCTS_DIR)/SnowTrack.app/SnowTrack";
			};
			name = Release;
		};
/* End XCBuildConfiguration section */

/* Begin XCConfigurationList section */
		D042A6021A91133700C627DC /* Build configuration list for PBXProject "SnowTrack" */ = {
			isa = XCConfigurationList;
			buildConfigurations = (
				D042A62B1A91133700C627DC /* Debug */,
				D042A62C1A91133700C627DC /* Release */,
			);
			defaultConfigurationIsVisible = 0;
			defaultConfigurationName = Release;
		};
		D042A62D1A91133700C627DC /* Build configuration list for PBXNativeTarget "SnowTrack" */ = {
			isa = XCConfigurationList;
			buildConfigurations = (
				D042A62E1A91133700C627DC /* Debug */,
				D042A62F1A91133700C627DC /* Release */,
			);
			defaultConfigurationIsVisible = 0;
		};
		D042A6301A91133700C627DC /* Build configuration list for PBXNativeTarget "SnowTrackTests" */ = {
			isa = XCConfigurationList;
			buildConfigurations = (
				D042A6311A91133700C627DC /* Debug */,
				D042A6321A91133700C627DC /* Release */,
			);
			defaultConfigurationIsVisible = 0;
		};
/* End XCConfigurationList section */
	};
	rootObject = D042A5FF1A91133700C627DC /* Project object */;
}
